
Microsoft Visual Studio Solution File, Format Version 11.00
# Visual Studio 2010
Project("{F184B08F-C81C-45F6-A57F-5ABD9991F28F}") = "Mini Keyboard", "Mini Keyboard\Mini Keyboard.vbproj", "{A3352FD7-A90A-4CCC-8B1A-A776506418D6}"
EndProject
Global
	GlobalSection(SolutionConfigurationPlatforms) = preSolution
		Debug|Any CPU = Debug|Any CPU
		Release|Any CPU = Release|Any CPU
	EndGlobalSection
	GlobalSection(ProjectConfigurationPlatforms) = postSolution
		{A3352FD7-A90A-4CCC-8B1A-A776506418D6}.Debug|Any CPU.ActiveCfg = Debug|Any CPU
		{A3352FD7-A90A-4CCC-8B1A-A776506418D6}.Debug|Any CPU.Build.0 = Debug|Any CPU
		{A3352FD7-A90A-4CCC-8B1A-A776506418D6}.Release|Any CPU.ActiveCfg = Release|Any CPU
		{A3352FD7-A90A-4CCC-8B1A-A776506418D6}.Release|Any CPU.Build.0 = Release|Any CPU
	EndGlobalSection
	GlobalSection(SolutionProperties) = preSolution
		HideSolutionNode = FALSE
	EndGlobalSection
EndGlobal
